{
  "name": "hash-and-manifest",
  "version": "1.0.2",
  "lockfileVersion": 2,
  "requires": true,
  "packages": {
    "": {
      "name": "hash-and-manifest",
      "version": "1.0.2",
      "license": "ISC",
      "dependencies": {
        "hasha": "^6.0.0"
      },
      "bin": {
        "hash-and-manifest": "src/index.js"
      }
    },
    "node_modules/hasha": {
      "version": "6.0.0",
      "resolved": "https://registry.npmjs.org/hasha/-/hasha-6.0.0.tgz",
      "integrity": "sha512-MLydoyGp9QJcjlhE5lsLHXYpWayjjWqkavzju2ZWD2tYa1CgmML1K1gWAu22BLFa2eZ0OfvJ/DlfoVjaD54U2Q==",
      "license": "MIT",
      "dependencies": {
        "is-stream": "^3.0.0",
        "type-fest": "^4.7.1"
      },
      "engines": {
        "node": ">=18"
      },
      "funding": {
        "url": "https://github.com/sponsors/sindresorhus"
      }
    },
    "node_modules/is-stream": {
      "version": "3.0.0",
      "resolved": "https://registry.npmjs.org/is-stream/-/is-stream-3.0.0.tgz",
      "integrity": "sha512-LnQR4bZ9IADDRSkvpqMGvt/tEJWclzklNgSw48V5EAaAeDd6qGvN8ei6k5p0tvxSR171VmGyHuTiAOfxAbr8kA==",
      "license": "MIT",
      "engines": {
        "node": "^12.20.0 || ^14.13.1 || >=16.0.0"
      },
      "funding": {
        "url": "https://github.com/sponsors/sindresorhus"
      }
    },
    "node_modules/type-fest": {
      "version": "4.33.0",
      "resolved": "https://registry.npmjs.org/type-fest/-/type-fest-4.33.0.tgz",
      "integrity": "sha512-s6zVrxuyKbbAsSAD5ZPTB77q4YIdRctkTbJ2/Dqlinwz+8ooH2gd+YA7VA6Pa93KML9GockVvoxjZ2vHP+mu8g==",
      "license": "(MIT OR CC0-1.0)",
      "engines": {
        "node": ">=16"
      },
      "funding": {
        "url": "https://github.com/sponsors/sindresorhus"
      }
    }
  },
  "dependencies": {
    "hasha": {
      "version": "6.0.0",
      "resolved": "https://registry.npmjs.org/hasha/-/hasha-6.0.0.tgz",
      "integrity": "sha512-MLydoyGp9QJcjlhE5lsLHXYpWayjjWqkavzju2ZWD2tYa1CgmML1K1gWAu22BLFa2eZ0OfvJ/DlfoVjaD54U2Q==",
      "requires": {
        "is-stream": "^3.0.0",
        "type-fest": "^4.7.1"
      }
    },
    "is-stream": {
      "version": "3.0.0",
      "resolved": "https://registry.npmjs.org/is-stream/-/is-stream-3.0.0.tgz",
      "integrity": "sha512-LnQR4bZ9IADDRSkvpqMGvt/tEJWclzklNgSw48V5EAaAeDd6qGvN8ei6k5p0tvxSR171VmGyHuTiAOfxAbr8kA=="
    },
    "type-fest": {
      "version": "4.33.0",
      "resolved": "https://registry.npmjs.org/type-fest/-/type-fest-4.33.0.tgz",
      "integrity": "sha512-s6zVrxuyKbbAsSAD5ZPTB77q4YIdRctkTbJ2/Dqlinwz+8ooH2gd+YA7VA6Pa93KML9GockVvoxjZ2vHP+mu8g=="
    }
  }
}
